// !$*UTF8*$!
{
	archiveVersion = 1;
	classes = {
	};
	objectVersion = 56;
	objects = {

/* Begin PBXBuildFile section */
		296624AE2C53A40E00F8FBE6 /* SwiftTestingWatcherApp.swift in Sources */ = {isa = PBXBuildFile; fileRef = 296624AD2C53A40E00F8FBE6 /* SwiftTestingWatcherApp.swift */; };
		296624B02C53A40E00F8FBE6 /* ContentView.swift in Sources */ = {isa = PBXBuildFile; fileRef = 296624AF2C53A40E00F8FBE6 /* ContentView.swift */; };
		296624B22C53A40F00F8FBE6 /* Assets.xcassets in Resources */ = {isa = PBXBuildFile; fileRef = 296624B12C53A40F00F8FBE6 /* Assets.xcassets */; };
		296624B52C53A40F00F8FBE6 /* Preview Assets.xcassets in Resources */ = {isa = PBXBuildFile; fileRef = 296624B42C53A40F00F8FBE6 /* Preview Assets.xcassets */; };
		296624C22C53A42500F8FBE6 /* WidgetKit.framework in Frameworks */ = {isa = PBXBuildFile; fileRef = 296624C12C53A42500F8FBE6 /* WidgetKit.framework */; };
		296624C42C53A42500F8FBE6 /* SwiftUI.framework in Frameworks */ = {isa = PBXBuildFile; fileRef = 296624C32C53A42500F8FBE6 /* SwiftUI.framework */; };
		296624C72C53A42500F8FBE6 /* SwiftTestingWatcherWidgetBundle.swift in Sources */ = {isa = PBXBuildFile; fileRef = 296624C62C53A42500F8FBE6 /* SwiftTestingWatcherWidgetBundle.swift */; };
		296624CB2C53A42600F8FBE6 /* Assets.xcassets in Resources */ = {isa = PBXBuildFile; fileRef = 296624CA2C53A42600F8FBE6 /* Assets.xcassets */; };
		296624CF2C53A42600F8FBE6 /* SwiftTestingWatcherWidgetExtension.appex in Embed Foundation Extensions */ = {isa = PBXBuildFile; fileRef = 296624BF2C53A42500F8FBE6 /* SwiftTestingWatcherWidgetExtension.appex */; settings = {ATTRIBUTES = (RemoveHeadersOnCopy, ); }; };
		296624D52C53A61300F8FBE6 /* Repository.swift in Sources */ = {isa = PBXBuildFile; fileRef = 296624D42C53A61300F8FBE6 /* Repository.swift */; };
		296624D72C53AADC00F8FBE6 /* Repository.swift in Sources */ = {isa = PBXBuildFile; fileRef = 296624D42C53A61300F8FBE6 /* Repository.swift */; };
		296624D92C53C78600F8FBE6 /* NetworkManager.swift in Sources */ = {isa = PBXBuildFile; fileRef = 296624D82C53C78600F8FBE6 /* NetworkManager.swift */; };
		296624DA2C53C78600F8FBE6 /* NetworkManager.swift in Sources */ = {isa = PBXBuildFile; fileRef = 296624D82C53C78600F8FBE6 /* NetworkManager.swift */; };
		296B93702C56B8FF002CA103 /* ContributorsRepoWidget.swift in Sources */ = {isa = PBXBuildFile; fileRef = 296B936F2C56B8FF002CA103 /* ContributorsRepoWidget.swift */; };
		2978AC142C53E8B300CAE62C /* SwiftTestingMediumView.swift in Sources */ = {isa = PBXBuildFile; fileRef = 2978AC122C53E77100CAE62C /* SwiftTestingMediumView.swift */; };
		2978AC152C56B84600CAE62C /* CompactRepoWidget.swift in Sources */ = {isa = PBXBuildFile; fileRef = 296624C82C53A42500F8FBE6 /* CompactRepoWidget.swift */; };
		298DB19D2C5E3E3300006D12 /* ContributorsMediumView.swift in Sources */ = {isa = PBXBuildFile; fileRef = 298DB19B2C5E3E3000006D12 /* ContributorsMediumView.swift */; };
/* End PBXBuildFile section */

/* Begin PBXContainerItemProxy section */
		296624CD2C53A42600F8FBE6 /* PBXContainerItemProxy */ = {
			isa = PBXContainerItemProxy;
			containerPortal = 296624A22C53A40E00F8FBE6 /* Project object */;
			proxyType = 1;
			remoteGlobalIDString = 296624BE2C53A42500F8FBE6;
			remoteInfo = SwiftTestingWatcherWidgetExtension;
		};
/* End PBXContainerItemProxy section */

/* Begin PBXCopyFilesBuildPhase section */
		296624D32C53A42600F8FBE6 /* Embed Foundation Extensions */ = {
			isa = PBXCopyFilesBuildPhase;
			buildActionMask = 2147483647;
			dstPath = "";
			dstSubfolderSpec = 13;
			files = (
				296624CF2C53A42600F8FBE6 /* SwiftTestingWatcherWidgetExtension.appex in Embed Foundation Extensions */,
			);
			name = "Embed Foundation Extensions";
			runOnlyForDeploymentPostprocessing = 0;
		};
/* End PBXCopyFilesBuildPhase section */

/* Begin PBXFileReference section */
		296624AA2C53A40E00F8FBE6 /* SwiftTestingWatcher.app */ = {isa = PBXFileReference; explicitFileType = wrapper.application; includeInIndex = 0; path = SwiftTestingWatcher.app; sourceTree = BUILT_PRODUCTS_DIR; };
		296624AD2C53A40E00F8FBE6 /* SwiftTestingWatcherApp.swift */ = {isa = PBXFileReference; lastKnownFileType = sourcecode.swift; path = SwiftTestingWatcherApp.swift; sourceTree = "<group>"; };
		296624AF2C53A40E00F8FBE6 /* ContentView.swift */ = {isa = PBXFileReference; lastKnownFileType = sourcecode.swift; path = ContentView.swift; sourceTree = "<group>"; };
		296624B12C53A40F00F8FBE6 /* Assets.xcassets */ = {isa = PBXFileReference; lastKnownFileType = folder.assetcatalog; path = Assets.xcassets; sourceTree = "<group>"; };
		296624B42C53A40F00F8FBE6 /* Preview Assets.xcassets */ = {isa = PBXFileReference; lastKnownFileType = folder.assetcatalog; path = "Preview Assets.xcassets"; sourceTree = "<group>"; };
		296624BF2C53A42500F8FBE6 /* SwiftTestingWatcherWidgetExtension.appex */ = {isa = PBXFileReference; explicitFileType = "wrapper.app-extension"; includeInIndex = 0; path = SwiftTestingWatcherWidgetExtension.appex; sourceTree = BUILT_PRODUCTS_DIR; };
		296624C12C53A42500F8FBE6 /* WidgetKit.framework */ = {isa = PBXFileReference; lastKnownFileType = wrapper.framework; name = WidgetKit.framework; path = System/Library/Frameworks/WidgetKit.framework; sourceTree = SDKROOT; };
		296624C32C53A42500F8FBE6 /* SwiftUI.framework */ = {isa = PBXFileReference; lastKnownFileType = wrapper.framework; name = SwiftUI.framework; path = System/Library/Frameworks/SwiftUI.framework; sourceTree = SDKROOT; };
		296624C62C53A42500F8FBE6 /* SwiftTestingWatcherWidgetBundle.swift */ = {isa = PBXFileReference; lastKnownFileType = sourcecode.swift; path = SwiftTestingWatcherWidgetBundle.swift; sourceTree = "<group>"; };
		296624C82C53A42500F8FBE6 /* CompactRepoWidget.swift */ = {isa = PBXFileReference; lastKnownFileType = sourcecode.swift; path = CompactRepoWidget.swift; sourceTree = "<group>"; };
		296624CA2C53A42600F8FBE6 /* Assets.xcassets */ = {isa = PBXFileReference; lastKnownFileType = folder.assetcatalog; path = Assets.xcassets; sourceTree = "<group>"; };
		296624CC2C53A42600F8FBE6 /* Info.plist */ = {isa = PBXFileReference; lastKnownFileType = text.plist.xml; path = Info.plist; sourceTree = "<group>"; };
		296624D42C53A61300F8FBE6 /* Repository.swift */ = {isa = PBXFileReference; lastKnownFileType = sourcecode.swift; path = Repository.swift; sourceTree = "<group>"; };
		296624D82C53C78600F8FBE6 /* NetworkManager.swift */ = {isa = PBXFileReference; lastKnownFileType = sourcecode.swift; path = NetworkManager.swift; sourceTree = "<group>"; };
		296B936F2C56B8FF002CA103 /* ContributorsRepoWidget.swift */ = {isa = PBXFileReference; lastKnownFileType = sourcecode.swift; path = ContributorsRepoWidget.swift; sourceTree = "<group>"; };
		2978AC122C53E77100CAE62C /* SwiftTestingMediumView.swift */ = {isa = PBXFileReference; lastKnownFileType = sourcecode.swift; path = SwiftTestingMediumView.swift; sourceTree = "<group>"; };
		298DB19B2C5E3E3000006D12 /* ContributorsMediumView.swift */ = {isa = PBXFileReference; lastKnownFileType = sourcecode.swift; path = ContributorsMediumView.swift; sourceTree = "<group>"; };
/* End PBXFileReference section */

/* Begin PBXFrameworksBuildPhase section */
		296624A72C53A40E00F8FBE6 /* Frameworks */ = {
			isa = PBXFrameworksBuildPhase;
			buildActionMask = 2147483647;
			files = (
			);
			runOnlyForDeploymentPostprocessing = 0;
		};
		296624BC2C53A42500F8FBE6 /* Frameworks */ = {
			isa = PBXFrameworksBuildPhase;
			buildActionMask = 2147483647;
			files = (
				296624C42C53A42500F8FBE6 /* SwiftUI.framework in Frameworks */,
				296624C22C53A42500F8FBE6 /* WidgetKit.framework in Frameworks */,
			);
			runOnlyForDeploymentPostprocessing = 0;
		};
/* End PBXFrameworksBuildPhase section */

/* Begin PBXGroup section */
		296624A12C53A40E00F8FBE6 = {
			isa = PBXGroup;
			children = (
				296624AC2C53A40E00F8FBE6 /* SwiftTestingWatcher */,
				296624C52C53A42500F8FBE6 /* SwiftTestingWatcherWidget */,
				296624C02C53A42500F8FBE6 /* Frameworks */,
				296624AB2C53A40E00F8FBE6 /* Products */,
			);
			sourceTree = "<group>";
		};
		296624AB2C53A40E00F8FBE6 /* Products */ = {
			isa = PBXGroup;
			children = (
				296624AA2C53A40E00F8FBE6 /* SwiftTestingWatcher.app */,
				296624BF2C53A42500F8FBE6 /* SwiftTestingWatcherWidgetExtension.appex */,
			);
			name = Products;
			sourceTree = "<group>";
		};
		296624AC2C53A40E00F8FBE6 /* SwiftTestingWatcher */ = {
			isa = PBXGroup;
			children = (
				296624AD2C53A40E00F8FBE6 /* SwiftTestingWatcherApp.swift */,
				296624AF2C53A40E00F8FBE6 /* ContentView.swift */,
				296624D42C53A61300F8FBE6 /* Repository.swift */,
				296624B12C53A40F00F8FBE6 /* Assets.xcassets */,
				296624B32C53A40F00F8FBE6 /* Preview Content */,
				296624D82C53C78600F8FBE6 /* NetworkManager.swift */,
			);
			path = SwiftTestingWatcher;
			sourceTree = "<group>";
		};
		296624B32C53A40F00F8FBE6 /* Preview Content */ = {
			isa = PBXGroup;
			children = (
				296624B42C53A40F00F8FBE6 /* Preview Assets.xcassets */,
			);
			path = "Preview Content";
			sourceTree = "<group>";
		};
		296624C02C53A42500F8FBE6 /* Frameworks */ = {
			isa = PBXGroup;
			children = (
				296624C12C53A42500F8FBE6 /* WidgetKit.framework */,
				296624C32C53A42500F8FBE6 /* SwiftUI.framework */,
			);
			name = Frameworks;
			sourceTree = "<group>";
		};
		296624C52C53A42500F8FBE6 /* SwiftTestingWatcherWidget */ = {
			isa = PBXGroup;
			children = (
				296624C62C53A42500F8FBE6 /* SwiftTestingWatcherWidgetBundle.swift */,
				2978AC122C53E77100CAE62C /* SwiftTestingMediumView.swift */,
				298DB19B2C5E3E3000006D12 /* ContributorsMediumView.swift */,
				296624C82C53A42500F8FBE6 /* CompactRepoWidget.swift */,
				296B936F2C56B8FF002CA103 /* ContributorsRepoWidget.swift */,
				296624CA2C53A42600F8FBE6 /* Assets.xcassets */,
				296624CC2C53A42600F8FBE6 /* Info.plist */,
			);
			path = SwiftTestingWatcherWidget;
			sourceTree = "<group>";
		};
/* End PBXGroup section */

/* Begin PBXNativeTarget section */
		296624A92C53A40E00F8FBE6 /* SwiftTestingWatcher */ = {
			isa = PBXNativeTarget;
			buildConfigurationList = 296624B82C53A40F00F8FBE6 /* Build configuration list for PBXNativeTarget "SwiftTestingWatcher" */;
			buildPhases = (
				296624A62C53A40E00F8FBE6 /* Sources */,
				296624A72C53A40E00F8FBE6 /* Frameworks */,
				296624A82C53A40E00F8FBE6 /* Resources */,
				296624D32C53A42600F8FBE6 /* Embed Foundation Extensions */,
			);
			buildRules = (
			);
			dependencies = (
				296624CE2C53A42600F8FBE6 /* PBXTargetDependency */,
			);
			name = SwiftTestingWatcher;
			productName = SwiftTestingWatcher;
			productReference = 296624AA2C53A40E00F8FBE6 /* SwiftTestingWatcher.app */;
			productType = "com.apple.product-type.application";
		};
		296624BE2C53A42500F8FBE6 /* SwiftTestingWatcherWidgetExtension */ = {
			isa = PBXNativeTarget;
			buildConfigurationList = 296624D02C53A42600F8FBE6 /* Build configuration list for PBXNativeTarget "SwiftTestingWatcherWidgetExtension" */;
			buildPhases = (
				296624BB2C53A42500F8FBE6 /* Sources */,
				296624BC2C53A42500F8FBE6 /* Frameworks */,
				296624BD2C53A42500F8FBE6 /* Resources */,
			);
			buildRules = (
			);
			dependencies = (
			);
			name = SwiftTestingWatcherWidgetExtension;
			productName = SwiftTestingWatcherWidgetExtension;
			productReference = 296624BF2C53A42500F8FBE6 /* SwiftTestingWatcherWidgetExtension.appex */;
			productType = "com.apple.product-type.app-extension";
		};
/* End PBXNativeTarget section */

/* Begin PBXProject section */
		296624A22C53A40E00F8FBE6 /* Project object */ = {
			isa = PBXProject;
			attributes = {
				BuildIndependentTargetsInParallel = 1;
				LastSwiftUpdateCheck = 1540;
				LastUpgradeCheck = 1540;
				TargetAttributes = {
					296624A92C53A40E00F8FBE6 = {
						CreatedOnToolsVersion = 15.4;
					};
					296624BE2C53A42500F8FBE6 = {
						CreatedOnToolsVersion = 15.4;
					};
				};
			};
			buildConfigurationList = 296624A52C53A40E00F8FBE6 /* Build configuration list for PBXProject "SwiftTestingWatcher" */;
			compatibilityVersion = "Xcode 14.0";
			developmentRegion = en;
			hasScannedForEncodings = 0;
			knownRegions = (
				en,
				Base,
			);
			mainGroup = 296624A12C53A40E00F8FBE6;
			productRefGroup = 296624AB2C53A40E00F8FBE6 /* Products */;
			projectDirPath = "";
			projectRoot = "";
			targets = (
				296624A92C53A40E00F8FBE6 /* SwiftTestingWatcher */,
				296624BE2C53A42500F8FBE6 /* SwiftTestingWatcherWidgetExtension */,
			);
		};
/* End PBXProject section */

/* Begin PBXResourcesBuildPhase section */
		296624A82C53A40E00F8FBE6 /* Resources */ = {
			isa = PBXResourcesBuildPhase;
			buildActionMask = 2147483647;
			files = (
				296624B52C53A40F00F8FBE6 /* Preview Assets.xcassets in Resources */,
				296624B22C53A40F00F8FBE6 /* Assets.xcassets in Resources */,
			);
			runOnlyForDeploymentPostprocessing = 0;
		};
		296624BD2C53A42500F8FBE6 /* Resources */ = {
			isa = PBXResourcesBuildPhase;
			buildActionMask = 2147483647;
			files = (
				296624CB2C53A42600F8FBE6 /* Assets.xcassets in Resources */,
			);
			runOnlyForDeploymentPostprocessing = 0;
		};
/* End PBXResourcesBuildPhase section */

/* Begin PBXSourcesBuildPhase section */
		296624A62C53A40E00F8FBE6 /* Sources */ = {
			isa = PBXSourcesBuildPhase;
			buildActionMask = 2147483647;
			files = (
				296624D92C53C78600F8FBE6 /* NetworkManager.swift in Sources */,
				296624B02C53A40E00F8FBE6 /* ContentView.swift in Sources */,
				296624AE2C53A40E00F8FBE6 /* SwiftTestingWatcherApp.swift in Sources */,
				296624D52C53A61300F8FBE6 /* Repository.swift in Sources */,
			);
			runOnlyForDeploymentPostprocessing = 0;
		};
		296624BB2C53A42500F8FBE6 /* Sources */ = {
			isa = PBXSourcesBuildPhase;
			buildActionMask = 2147483647;
			files = (
				2978AC152C56B84600CAE62C /* CompactRepoWidget.swift in Sources */,
				296B93702C56B8FF002CA103 /* ContributorsRepoWidget.swift in Sources */,
				2978AC142C53E8B300CAE62C /* SwiftTestingMediumView.swift in Sources */,
				296624DA2C53C78600F8FBE6 /* NetworkManager.swift in Sources */,
				298DB19D2C5E3E3300006D12 /* ContributorsMediumView.swift in Sources */,
				296624C72C53A42500F8FBE6 /* SwiftTestingWatcherWidgetBundle.swift in Sources */,
				296624D72C53AADC00F8FBE6 /* Repository.swift in Sources */,
			);
			runOnlyForDeploymentPostprocessing = 0;
		};
/* End PBXSourcesBuildPhase section */

/* Begin PBXTargetDependency section */
		296624CE2C53A42600F8FBE6 /* PBXTargetDependency */ = {
			isa = PBXTargetDependency;
			target = 296624BE2C53A42500F8FBE6 /* SwiftTestingWatcherWidgetExtension */;
			targetProxy = 296624CD2C53A42600F8FBE6 /* PBXContainerItemProxy */;
		};
/* End PBXTargetDependency section */

/* Begin XCBuildConfiguration section */
		296624B62C53A40F00F8FBE6 /* Debug */ = {
			isa = XCBuildConfiguration;
			buildSettings = {
				ALWAYS_SEARCH_USER_PATHS = NO;
				ASSETCATALOG_COMPILER_GENERATE_SWIFT_ASSET_SYMBOL_EXTENSIONS = YES;
				CLANG_ANALYZER_NONNULL = YES;
				CLANG_ANALYZER_NUMBER_OBJECT_CONVERSION = YES_AGGRESSIVE;
				CLANG_CXX_LANGUAGE_STANDARD = "gnu++20";
				CLANG_ENABLE_MODULES = YES;
				CLANG_ENABLE_OBJC_ARC = YES;
				CLANG_ENABLE_OBJC_WEAK = YES;
				CLANG_WARN_BLOCK_CAPTURE_AUTORELEASING = YES;
				CLANG_WARN_BOOL_CONVERSION = YES;
				CLANG_WARN_COMMA = YES;
				CLANG_WARN_CONSTANT_CONVERSION = YES;
				CLANG_WARN_DEPRECATED_OBJC_IMPLEMENTATIONS = YES;
				CLANG_WARN_DIRECT_OBJC_ISA_USAGE = YES_ERROR;
				CLANG_WARN_DOCUMENTATION_COMMENTS = YES;
				CLANG_WARN_EMPTY_BODY = YES;
				CLANG_WARN_ENUM_CONVERSION = YES;
				CLANG_WARN_INFINITE_RECURSION = YES;
				CLANG_WARN_INT_CONVERSION = YES;
				CLANG_WARN_NON_LITERAL_NULL_CONVERSION = YES;
				CLANG_WARN_OBJC_IMPLICIT_RETAIN_SELF = YES;
				CLANG_WARN_OBJC_LITERAL_CONVERSION = YES;
				CLANG_WARN_OBJC_ROOT_CLASS = YES_ERROR;
				CLANG_WARN_QUOTED_INCLUDE_IN_FRAMEWORK_HEADER = YES;
				CLANG_WARN_RANGE_LOOP_ANALYSIS = YES;
				CLANG_WARN_STRICT_PROTOTYPES = YES;
				CLANG_WARN_SUSPICIOUS_MOVE = YES;
				CLANG_WARN_UNGUARDED_AVAILABILITY = YES_AGGRESSIVE;
				CLANG_WARN_UNREACHABLE_CODE = YES;
				CLANG_WARN__DUPLICATE_METHOD_MATCH = YES;
				COPY_PHASE_STRIP = NO;
				DEBUG_INFORMATION_FORMAT = dwarf;
				ENABLE_STRICT_OBJC_MSGSEND = YES;
				ENABLE_TESTABILITY = YES;
				ENABLE_USER_SCRIPT_SANDBOXING = YES;
				GCC_C_LANGUAGE_STANDARD = gnu17;
				GCC_DYNAMIC_NO_PIC = NO;
				GCC_NO_COMMON_BLOCKS = YES;
				GCC_OPTIMIZATION_LEVEL = 0;
				GCC_PREPROCESSOR_DEFINITIONS = (
					"DEBUG=1",
					"$(inherited)",
				);
				GCC_WARN_64_TO_32_BIT_CONVERSION = YES;
				GCC_WARN_ABOUT_RETURN_TYPE = YES_ERROR;
				GCC_WARN_UNDECLARED_SELECTOR = YES;
				GCC_WARN_UNINITIALIZED_AUTOS = YES_AGGRESSIVE;
				GCC_WARN_UNUSED_FUNCTION = YES;
				GCC_WARN_UNUSED_VARIABLE = YES;
				IPHONEOS_DEPLOYMENT_TARGET = 17.5;
				LOCALIZATION_PREFERS_STRING_CATALOGS = YES;
				MTL_ENABLE_DEBUG_INFO = INCLUDE_SOURCE;
				MTL_FAST_MATH = YES;
				ONLY_ACTIVE_ARCH = YES;
				SDKROOT = iphoneos;
				SWIFT_ACTIVE_COMPILATION_CONDITIONS = "DEBUG $(inherited)";
				SWIFT_OPTIMIZATION_LEVEL = "-Onone";
			};
			name = Debug;
		};
		296624B72C53A40F00F8FBE6 /* Release */ = {
			isa = XCBuildConfiguration;
			buildSettings = {
				ALWAYS_SEARCH_USER_PATHS = NO;
				ASSETCATALOG_COMPILER_GENERATE_SWIFT_ASSET_SYMBOL_EXTENSIONS = YES;
				CLANG_ANALYZER_NONNULL = YES;
				CLANG_ANALYZER_NUMBER_OBJECT_CONVERSION = YES_AGGRESSIVE;
				CLANG_CXX_LANGUAGE_STANDARD = "gnu++20";
				CLANG_ENABLE_MODULES = YES;
				CLANG_ENABLE_OBJC_ARC = YES;
				CLANG_ENABLE_OBJC_WEAK = YES;
				CLANG_WARN_BLOCK_CAPTURE_AUTORELEASING = YES;
				CLANG_WARN_BOOL_CONVERSION = YES;
				CLANG_WARN_COMMA = YES;
				CLANG_WARN_CONSTANT_CONVERSION = YES;
				CLANG_WARN_DEPRECATED_OBJC_IMPLEMENTATIONS = YES;
				CLANG_WARN_DIRECT_OBJC_ISA_USAGE = YES_ERROR;
				CLANG_WARN_DOCUMENTATION_COMMENTS = YES;
				CLANG_WARN_EMPTY_BODY = YES;
				CLANG_WARN_ENUM_CONVERSION = YES;
				CLANG_WARN_INFINITE_RECURSION = YES;
				CLANG_WARN_INT_CONVERSION = YES;
				CLANG_WARN_NON_LITERAL_NULL_CONVERSION = YES;
				CLANG_WARN_OBJC_IMPLICIT_RETAIN_SELF = YES;
				CLANG_WARN_OBJC_LITERAL_CONVERSION = YES;
				CLANG_WARN_OBJC_ROOT_CLASS = YES_ERROR;
				CLANG_WARN_QUOTED_INCLUDE_IN_FRAMEWORK_HEADER = YES;
				CLANG_WARN_RANGE_LOOP_ANALYSIS = YES;
				CLANG_WARN_STRICT_PROTOTYPES = YES;
				CLANG_WARN_SUSPICIOUS_MOVE = YES;
				CLANG_WARN_UNGUARDED_AVAILABILITY = YES_AGGRESSIVE;
				CLANG_WARN_UNREACHABLE_CODE = YES;
				CLANG_WARN__DUPLICATE_METHOD_MATCH = YES;
				COPY_PHASE_STRIP = NO;
				DEBUG_INFORMATION_FORMAT = "dwarf-with-dsym";
				ENABLE_NS_ASSERTIONS = NO;
				ENABLE_STRICT_OBJC_MSGSEND = YES;
				ENABLE_USER_SCRIPT_SANDBOXING = YES;
				GCC_C_LANGUAGE_STANDARD = gnu17;
				GCC_NO_COMMON_BLOCKS = YES;
				GCC_WARN_64_TO_32_BIT_CONVERSION = YES;
				GCC_WARN_ABOUT_RETURN_TYPE = YES_ERROR;
				GCC_WARN_UNDECLARED_SELECTOR = YES;
				GCC_WARN_UNINITIALIZED_AUTOS = YES_AGGRESSIVE;
				GCC_WARN_UNUSED_FUNCTION = YES;
				GCC_WARN_UNUSED_VARIABLE = YES;
				IPHONEOS_DEPLOYMENT_TARGET = 17.5;
				LOCALIZATION_PREFERS_STRING_CATALOGS = YES;
				MTL_ENABLE_DEBUG_INFO = NO;
				MTL_FAST_MATH = YES;
				SDKROOT = iphoneos;
				SWIFT_COMPILATION_MODE = wholemodule;
				VALIDATE_PRODUCT = YES;
			};
			name = Release;
		};
		296624B92C53A40F00F8FBE6 /* Debug */ = {
			isa = XCBuildConfiguration;
			buildSettings = {
				ALWAYS_EMBED_SWIFT_STANDARD_LIBRARIES = YES;
				ASSETCATALOG_COMPILER_APPICON_NAME = AppIcon;
				ASSETCATALOG_COMPILER_GLOBAL_ACCENT_COLOR_NAME = AccentColor;
				CODE_SIGN_STYLE = Automatic;
				CURRENT_PROJECT_VERSION = 1;
				DEVELOPMENT_ASSET_PATHS = "\"SwiftTestingWatcher/Preview Content\"";
				DEVELOPMENT_TEAM = 9HK4TRLPGW;
				ENABLE_PREVIEWS = YES;
				GENERATE_INFOPLIST_FILE = YES;
				INFOPLIST_KEY_UIApplicationSceneManifest_Generation = YES;
				INFOPLIST_KEY_UIApplicationSupportsIndirectInputEvents = YES;
				INFOPLIST_KEY_UILaunchScreen_Generation = YES;
				INFOPLIST_KEY_UISupportedInterfaceOrientations_iPad = "UIInterfaceOrientationPortrait UIInterfaceOrientationPortraitUpsideDown UIInterfaceOrientationLandscapeLeft UIInterfaceOrientationLandscapeRight";
				INFOPLIST_KEY_UISupportedInterfaceOrientations_iPhone = "UIInterfaceOrientationPortrait UIInterfaceOrientationLandscapeLeft UIInterfaceOrientationLandscapeRight";
				LD_RUNPATH_SEARCH_PATHS = (
					"$(inherited)",
					"@executable_path/Frameworks",
				);
				MARKETING_VERSION = 1.0;
				PRODUCT_BUNDLE_IDENTIFIER = com.bartosz.chadrys.SwiftTestingWatcher;
				PRODUCT_NAME = "$(TARGET_NAME)";
				SWIFT_EMIT_LOC_STRINGS = YES;
				SWIFT_VERSION = 5.0;
				TARGETED_DEVICE_FAMILY = "1,2";
			};
			name = Debug;
		};
		296624BA2C53A40F00F8FBE6 /* Release */ = {
			isa = XCBuildConfiguration;
			buildSettings = {
				ALWAYS_EMBED_SWIFT_STANDARD_LIBRARIES = YES;
				ASSETCATALOG_COMPILER_APPICON_NAME = AppIcon;
				ASSETCATALOG_COMPILER_GLOBAL_ACCENT_COLOR_NAME = AccentColor;
				CODE_SIGN_STYLE = Automatic;
				CURRENT_PROJECT_VERSION = 1;
				DEVELOPMENT_ASSET_PATHS = "\"SwiftTestingWatcher/Preview Content\"";
				DEVELOPMENT_TEAM = 9HK4TRLPGW;
				ENABLE_PREVIEWS = YES;
				GENERATE_INFOPLIST_FILE = YES;
				INFOPLIST_KEY_UIApplicationSceneManifest_Generation = YES;
				INFOPLIST_KEY_UIApplicationSupportsIndirectInputEvents = YES;
				INFOPLIST_KEY_UILaunchScreen_Generation = YES;
				INFOPLIST_KEY_UISupportedInterfaceOrientations_iPad = "UIInterfaceOrientationPortrait UIInterfaceOrientationPortraitUpsideDown UIInterfaceOrientationLandscapeLeft UIInterfaceOrientationLandscapeRight";
				INFOPLIST_KEY_UISupportedInterfaceOrientations_iPhone = "UIInterfaceOrientationPortrait UIInterfaceOrientationLandscapeLeft UIInterfaceOrientationLandscapeRight";
				LD_RUNPATH_SEARCH_PATHS = (
					"$(inherited)",
					"@executable_path/Frameworks",
				);
				MARKETING_VERSION = 1.0;
				PRODUCT_BUNDLE_IDENTIFIER = com.bartosz.chadrys.SwiftTestingWatcher;
				PRODUCT_NAME = "$(TARGET_NAME)";
				SWIFT_EMIT_LOC_STRINGS = YES;
				SWIFT_VERSION = 5.0;
				TARGETED_DEVICE_FAMILY = "1,2";
			};
			name = Release;
		};
		296624D12C53A42600F8FBE6 /* Debug */ = {
			isa = XCBuildConfiguration;
			buildSettings = {
				ASSETCATALOG_COMPILER_GLOBAL_ACCENT_COLOR_NAME = AccentColor;
				ASSETCATALOG_COMPILER_WIDGET_BACKGROUND_COLOR_NAME = WidgetBackground;
				CODE_SIGN_STYLE = Automatic;
				CURRENT_PROJECT_VERSION = 1;
				DEVELOPMENT_TEAM = 9HK4TRLPGW;
				GENERATE_INFOPLIST_FILE = YES;
				INFOPLIST_FILE = SwiftTestingWatcherWidget/Info.plist;
				INFOPLIST_KEY_CFBundleDisplayName = SwiftTestingWatcherWidget;
				INFOPLIST_KEY_NSHumanReadableCopyright = "";
				LD_RUNPATH_SEARCH_PATHS = (
					"$(inherited)",
					"@executable_path/Frameworks",
					"@executable_path/../../Frameworks",
				);
				MARKETING_VERSION = 1.0;
				PRODUCT_BUNDLE_IDENTIFIER = com.bartosz.chadrys.SwiftTestingWatcher.SwiftTestingWatcherWidget;
				PRODUCT_NAME = "$(TARGET_NAME)";
				SKIP_INSTALL = YES;
				SWIFT_EMIT_LOC_STRINGS = YES;
				SWIFT_VERSION = 5.0;
				TARGETED_DEVICE_FAMILY = "1,2";
			};
			name = Debug;
		};
		296624D22C53A42600F8FBE6 /* Release */ = {
			isa = XCBuildConfiguration;
			buildSettings = {
				ASSETCATALOG_COMPILER_GLOBAL_ACCENT_COLOR_NAME = AccentColor;
				ASSETCATALOG_COMPILER_WIDGET_BACKGROUND_COLOR_NAME = WidgetBackground;
				CODE_SIGN_STYLE = Automatic;
				CURRENT_PROJECT_VERSION = 1;
				DEVELOPMENT_TEAM = 9HK4TRLPGW;
				GENERATE_INFOPLIST_FILE = YES;
				INFOPLIST_FILE = SwiftTestingWatcherWidget/Info.plist;
				INFOPLIST_KEY_CFBundleDisplayName = SwiftTestingWatcherWidget;
				INFOPLIST_KEY_NSHumanReadableCopyright = "";
				LD_RUNPATH_SEARCH_PATHS = (
					"$(inherited)",
					"@executable_path/Frameworks",
					"@executable_path/../../Frameworks",
				);
				MARKETING_VERSION = 1.0;
				PRODUCT_BUNDLE_IDENTIFIER = com.bartosz.chadrys.SwiftTestingWatcher.SwiftTestingWatcherWidget;
				PRODUCT_NAME = "$(TARGET_NAME)";
				SKIP_INSTALL = YES;
				SWIFT_EMIT_LOC_STRINGS = YES;
				SWIFT_VERSION = 5.0;
				TARGETED_DEVICE_FAMILY = "1,2";
			};
			name = Release;
		};
/* End XCBuildConfiguration section */

/* Begin XCConfigurationList section */
		296624A52C53A40E00F8FBE6 /* Build configuration list for PBXProject "SwiftTestingWatcher" */ = {
			isa = XCConfigurationList;
			buildConfigurations = (
				296624B62C53A40F00F8FBE6 /* Debug */,
				296624B72C53A40F00F8FBE6 /* Release */,
			);
			defaultConfigurationIsVisible = 0;
			defaultConfigurationName = Release;
		};
		296624B82C53A40F00F8FBE6 /* Build configuration list for PBXNativeTarget "SwiftTestingWatcher" */ = {
			isa = XCConfigurationList;
			buildConfigurations = (
				296624B92C53A40F00F8FBE6 /* Debug */,
				296624BA2C53A40F00F8FBE6 /* Release */,
			);
			defaultConfigurationIsVisible = 0;
			defaultConfigurationName = Release;
		};
		296624D02C53A42600F8FBE6 /* Build configuration list for PBXNativeTarget "SwiftTestingWatcherWidgetExtension" */ = {
			isa = XCConfigurationList;
			buildConfigurations = (
				296624D12C53A42600F8FBE6 /* Debug */,
				296624D22C53A42600F8FBE6 /* Release */,
			);
			defaultConfigurationIsVisible = 0;
			defaultConfigurationName = Release;
		};
/* End XCConfigurationList section */
	};
	rootObject = 296624A22C53A40E00F8FBE6 /* Project object */;
}
